$schema: https://computable-lab.com/schema/computable-lab/equipment.schema.yaml
kind: equipment
id: EQP-HEAT-BLOCK
name: Heat Block
status: active
# Generic physical kind — a CURIE, not an EQC- record (2026-09-19 ruling):
# EQC- is reserved for vendor models the lab can evidence.
equipmentClassRef:
  kind: ontology
  id: CL:heat_block
  namespace: CL
  label: Heat block
keywords:
  - heat block
  - heating block
  - dry block warmer
  - heater
notes: declared by vendor protocols (heating block)
